PODS:
  - DXYWeChatSDK (1.5.1)
  - EMSocialKit (0.0.1):
    - DXYWeChatSDK (~> 1.5.1)
    - TencentOpenApiSDK
    - UIImage-ResizeMagick (~> 0.0.1)
    - WeiboSDK
  - TencentOpenApiSDK (2.9.5):
    - TencentOpenApiSDK/Basic (= 2.9.5)
  - TencentOpenApiSDK/Basic (2.9.5)
  - UIImage-ResizeMagick (0.0.1)
  - WeiboSDK (3.1.3)

DEPENDENCIES:
  - EMSocialKit (from `.`)
  - TencentOpenApiSDK (~> 2.9.0)
  - WeiboSDK

EXTERNAL SOURCES:
  EMSocialKit:
    :path: .

SPEC CHECKSUMS:
  DXYWeChatSDK: 6a23dbf67a4545bfc80e3e18f9b5cf0c98699576
  EMSocialKit: 0d65326071e8893cc22ccca11a7a7f397da82250
  TencentOpenApiSDK: a0d7716edd6eb438d65828168e8e5137301b436d
  UIImage-ResizeMagick: f08c2d14d1e8a5f0b402185408785540562f2fe7
  WeiboSDK: acb067053668102cf07d01aa7604350162c2e466

COCOAPODS: 0.39.0
