// !$*UTF8*$!
{
	archiveVersion = 1;
	classes = {
	};
	objectVersion = 46;
	objects = {

/* Begin PBXBuildFile section */
		94A193751AC71A07003AF01E /* DemoUIActivityViewController.m in Sources */ = {isa = PBXBuildFile; fileRef = 94A193741AC71A07003AF01E /* DemoUIActivityViewController.m */; };
		94DF64B71AC4013E00254B58 /* EMSocialEMoneyConfigurator.m in Sources */ = {isa = PBXBuildFile; fileRef = 94DF64B61AC4013E00254B58 /* EMSocialEMoneyConfigurator.m */; };
		94FA511B1AB8282700A81E96 /* main.m in Sources */ = {isa = PBXBuildFile; fileRef = 94FA511A1AB8282700A81E96 /* main.m */; };
		94FA511E1AB8282700A81E96 /* AppDelegate.m in Sources */ = {isa = PBXBuildFile; fileRef = 94FA511D1AB8282700A81E96 /* AppDelegate.m */; };
		94FA51211AB8282700A81E96 /* ViewController.m in Sources */ = {isa = PBXBuildFile; fileRef = 94FA51201AB8282700A81E96 /* ViewController.m */; };
		94FA51241AB8282700A81E96 /* Main.storyboard in Resources */ = {isa = PBXBuildFile; fileRef = 94FA51221AB8282700A81E96 /* Main.storyboard */; };
		94FA51261AB8282700A81E96 /* Images.xcassets in Resources */ = {isa = PBXBuildFile; fileRef = 94FA51251AB8282700A81E96 /* Images.xcassets */; };
		94FA51291AB8282700A81E96 /* LaunchScreen.xib in Resources */ = {isa = PBXBuildFile; fileRef = 94FA51271AB8282700A81E96 /* LaunchScreen.xib */; };
		EC2339CF5647E3DCEB2D05AD /* libPods-EMSocialApp.a in Frameworks */ = {isa = PBXBuildFile; fileRef = 02E52F388310BA7B91697BCC /* libPods-EMSocialApp.a */; };
/* End PBXBuildFile section */

/* Begin PBXFileReference section */
		02E52F388310BA7B91697BCC /* libPods-EMSocialApp.a */ = {isa = PBXFileReference; explicitFileType = archive.ar; includeInIndex = 0; path = "libPods-EMSocialApp.a"; sourceTree = BUILT_PRODUCTS_DIR; };
		949287C41ABBCAAE00B7D478 /* AdSupport.framework */ = {isa = PBXFileReference; lastKnownFileType = wrapper.framework; name = AdSupport.framework; path = System/Library/Frameworks/AdSupport.framework; sourceTree = SDKROOT; };
		949C62F91ABAD834006B4E0A /* CoreGraphics.framework */ = {isa = PBXFileReference; lastKnownFileType = wrapper.framework; name = CoreGraphics.framework; path = System/Library/Frameworks/CoreGraphics.framework; sourceTree = SDKROOT; };
		949C62FB1ABAD877006B4E0A /* ImageIO.framework */ = {isa = PBXFileReference; lastKnownFileType = wrapper.framework; name = ImageIO.framework; path = System/Library/Frameworks/ImageIO.framework; sourceTree = SDKROOT; };
		949C62FD1ABAD883006B4E0A /* Security.framework */ = {isa = PBXFileReference; lastKnownFileType = wrapper.framework; name = Security.framework; path = System/Library/Frameworks/Security.framework; sourceTree = SDKROOT; };
		949C62FF1ABAD8C3006B4E0A /* SystemConfiguration.framework */ = {isa = PBXFileReference; lastKnownFileType = wrapper.framework; name = SystemConfiguration.framework; path = System/Library/Frameworks/SystemConfiguration.framework; sourceTree = SDKROOT; };
		94A193731AC71A07003AF01E /* DemoUIActivityViewController.h */ = {isa = PBXFileReference; fileEncoding = 4; lastKnownFileType = sourcecode.c.h; path = DemoUIActivityViewController.h; sourceTree = "<group>"; };
		94A193741AC71A07003AF01E /* DemoUIActivityViewController.m */ = {isa = PBXFileReference; fileEncoding = 4; lastKnownFileType = sourcecode.c.objc; path = DemoUIActivityViewController.m; sourceTree = "<group>"; };
		94DF641F1AC3A3D300254B58 /* CoreTelephony.framework */ = {isa = PBXFileReference; lastKnownFileType = wrapper.framework; name = CoreTelephony.framework; path = System/Library/Frameworks/CoreTelephony.framework; sourceTree = SDKROOT; };
		94DF64B51AC4013E00254B58 /* EMSocialEMoneyConfigurator.h */ = {isa = PBXFileReference; fileEncoding = 4; lastKnownFileType = sourcecode.c.h; path = EMSocialEMoneyConfigurator.h; sourceTree = "<group>"; };
		94DF64B61AC4013E00254B58 /* EMSocialEMoneyConfigurator.m */ = {isa = PBXFileReference; fileEncoding = 4; lastKnownFileType = sourcecode.c.objc; path = EMSocialEMoneyConfigurator.m; sourceTree = "<group>"; };
		94E5F2111ABA7C1000348FC3 /* libsqlite3.dylib */ = {isa = PBXFileReference; lastKnownFileType = "compiled.mach-o.dylib"; name = libsqlite3.dylib; path = usr/lib/libsqlite3.dylib; sourceTree = SDKROOT; };
		94FA51151AB8282700A81E96 /* EMSocialApp.app */ = {isa = PBXFileReference; explicitFileType = wrapper.application; includeInIndex = 0; path = EMSocialApp.app; sourceTree = BUILT_PRODUCTS_DIR; };
		94FA51191AB8282700A81E96 /* Info.plist */ = {isa = PBXFileReference; lastKnownFileType = text.plist.xml; path = Info.plist; sourceTree = "<group>"; };
		94FA511A1AB8282700A81E96 /* main.m */ = {isa = PBXFileReference; lastKnownFileType = sourcecode.c.objc; path = main.m; sourceTree = "<group>"; };
		94FA511C1AB8282700A81E96 /* AppDelegate.h */ = {isa = PBXFileReference; lastKnownFileType = sourcecode.c.h; path = AppDelegate.h; sourceTree = "<group>"; };
		94FA511D1AB8282700A81E96 /* AppDelegate.m */ = {isa = PBXFileReference; lastKnownFileType = sourcecode.c.objc; path = AppDelegate.m; sourceTree = "<group>"; };
		94FA511F1AB8282700A81E96 /* ViewController.h */ = {isa = PBXFileReference; lastKnownFileType = sourcecode.c.h; path = ViewController.h; sourceTree = "<group>"; };
		94FA51201AB8282700A81E96 /* ViewController.m */ = {isa = PBXFileReference; lastKnownFileType = sourcecode.c.objc; path = ViewController.m; sourceTree = "<group>"; };
		94FA51231AB8282700A81E96 /* Base */ = {isa = PBXFileReference; lastKnownFileType = file.storyboard; name = Base; path = Base.lproj/Main.storyboard; sourceTree = "<group>"; };
		94FA51251AB8282700A81E96 /* Images.xcassets */ = {isa = PBXFileReference; lastKnownFileType = folder.assetcatalog; path = Images.xcassets; sourceTree = "<group>"; };
		94FA51281AB8282700A81E96 /* Base */ = {isa = PBXFileReference; lastKnownFileType = file.xib; name = Base; path = Base.lproj/LaunchScreen.xib; sourceTree = "<group>"; };
		9C4022DA58853304C63C3F83 /* Pods-EMSocialApp.debug.xcconfig */ = {isa = PBXFileReference; includeInIndex = 1; lastKnownFileType = text.xcconfig; name = "Pods-EMSocialApp.debug.xcconfig"; path = "Pods/Target Support Files/Pods-EMSocialApp/Pods-EMSocialApp.debug.xcconfig"; sourceTree = "<group>"; };
		B238D24C4C2DE83C5E5CF5DF /* libPods-EMSocial.a */ = {isa = PBXFileReference; explicitFileType = archive.ar; includeInIndex = 0; path = "libPods-EMSocial.a"; sourceTree = BUILT_PRODUCTS_DIR; };
		D1B65ECDEE7981AF27A2B957 /* Pods-EMSocialApp.release.xcconfig */ = {isa = PBXFileReference; includeInIndex = 1; lastKnownFileType = text.xcconfig; name = "Pods-EMSocialApp.release.xcconfig"; path = "Pods/Target Support Files/Pods-EMSocialApp/Pods-EMSocialApp.release.xcconfig"; sourceTree = "<group>"; };
/* End PBXFileReference section */

/* Begin PBXFrameworksBuildPhase section */
		94FA51121AB8282700A81E96 /* Frameworks */ = {
			isa = PBXFrameworksBuildPhase;
			buildActionMask = 2147483647;
			files = (
				EC2339CF5647E3DCEB2D05AD /* libPods-EMSocialApp.a in Frameworks */,
			);
			runOnlyForDeploymentPostprocessing = 0;
		};
/* End PBXFrameworksBuildPhase section */

/* Begin PBXGroup section */
		275F0F52A7F943FCDF20B20E /* Frameworks */ = {
			isa = PBXGroup;
			children = (
				94DF641F1AC3A3D300254B58 /* CoreTelephony.framework */,
				949287C41ABBCAAE00B7D478 /* AdSupport.framework */,
				949C62FF1ABAD8C3006B4E0A /* SystemConfiguration.framework */,
				949C62FD1ABAD883006B4E0A /* Security.framework */,
				949C62FB1ABAD877006B4E0A /* ImageIO.framework */,
				949C62F91ABAD834006B4E0A /* CoreGraphics.framework */,
				94E5F2111ABA7C1000348FC3 /* libsqlite3.dylib */,
				B238D24C4C2DE83C5E5CF5DF /* libPods-EMSocial.a */,
				02E52F388310BA7B91697BCC /* libPods-EMSocialApp.a */,
			);
			name = Frameworks;
			sourceTree = "<group>";
		};
		94FA510C1AB8282700A81E96 = {
			isa = PBXGroup;
			children = (
				94FA51171AB8282700A81E96 /* EMSocialApp */,
				94FA51161AB8282700A81E96 /* Products */,
				275F0F52A7F943FCDF20B20E /* Frameworks */,
				E0D29C5AFAFC2F0F3BFBB069 /* Pods */,
			);
			sourceTree = "<group>";
		};
		94FA51161AB8282700A81E96 /* Products */ = {
			isa = PBXGroup;
			children = (
				94FA51151AB8282700A81E96 /* EMSocialApp.app */,
			);
			name = Products;
			sourceTree = "<group>";
		};
		94FA51171AB8282700A81E96 /* EMSocialApp */ = {
			isa = PBXGroup;
			children = (
				94FA511C1AB8282700A81E96 /* AppDelegate.h */,
				94FA511D1AB8282700A81E96 /* AppDelegate.m */,
				94FA511F1AB8282700A81E96 /* ViewController.h */,
				94FA51201AB8282700A81E96 /* ViewController.m */,
				94A193731AC71A07003AF01E /* DemoUIActivityViewController.h */,
				94A193741AC71A07003AF01E /* DemoUIActivityViewController.m */,
				94DF64B51AC4013E00254B58 /* EMSocialEMoneyConfigurator.h */,
				94DF64B61AC4013E00254B58 /* EMSocialEMoneyConfigurator.m */,
				94FA51221AB8282700A81E96 /* Main.storyboard */,
				94FA51251AB8282700A81E96 /* Images.xcassets */,
				94FA51271AB8282700A81E96 /* LaunchScreen.xib */,
				94FA51181AB8282700A81E96 /* Supporting Files */,
			);
			path = EMSocialApp;
			sourceTree = "<group>";
		};
		94FA51181AB8282700A81E96 /* Supporting Files */ = {
			isa = PBXGroup;
			children = (
				94FA51191AB8282700A81E96 /* Info.plist */,
				94FA511A1AB8282700A81E96 /* main.m */,
			);
			name = "Supporting Files";
			sourceTree = "<group>";
		};
		E0D29C5AFAFC2F0F3BFBB069 /* Pods */ = {
			isa = PBXGroup;
			children = (
				9C4022DA58853304C63C3F83 /* Pods-EMSocialApp.debug.xcconfig */,
				D1B65ECDEE7981AF27A2B957 /* Pods-EMSocialApp.release.xcconfig */,
			);
			name = Pods;
			sourceTree = "<group>";
		};
/* End PBXGroup section */

/* Begin PBXNativeTarget section */
		94FA51141AB8282700A81E96 /* EMSocialApp */ = {
			isa = PBXNativeTarget;
			buildConfigurationList = 94FA51381AB8282700A81E96 /* Build configuration list for PBXNativeTarget "EMSocialApp" */;
			buildPhases = (
				76162248115BEA37C719E597 /* Check Pods Manifest.lock */,
				94FA51111AB8282700A81E96 /* Sources */,
				94FA51121AB8282700A81E96 /* Frameworks */,
				94FA51131AB8282700A81E96 /* Resources */,
				C747BADA0A4DFAF1682FA6AE /* Copy Pods Resources */,
			);
			buildRules = (
			);
			dependencies = (
			);
			name = EMSocialApp;
			productName = EMSocialApp;
			productReference = 94FA51151AB8282700A81E96 /* EMSocialApp.app */;
			productType = "com.apple.product-type.application";
		};
/* End PBXNativeTarget section */

/* Begin PBXProject section */
		94FA510D1AB8282700A81E96 /* Project object */ = {
			isa = PBXProject;
			attributes = {
				LastUpgradeCheck = 0620;
				ORGANIZATIONNAME = "Ryan Wang";
				TargetAttributes = {
					94FA51141AB8282700A81E96 = {
						CreatedOnToolsVersion = 6.2;
					};
				};
			};
			buildConfigurationList = 94FA51101AB8282700A81E96 /* Build configuration list for PBXProject "EMSocialApp" */;
			compatibilityVersion = "Xcode 3.2";
			developmentRegion = English;
			hasScannedForEncodings = 0;
			knownRegions = (
				en,
				Base,
				"zh-Hans",
				"zh-Hant",
			);
			mainGroup = 94FA510C1AB8282700A81E96;
			productRefGroup = 94FA51161AB8282700A81E96 /* Products */;
			projectDirPath = "";
			projectRoot = "";
			targets = (
				94FA51141AB8282700A81E96 /* EMSocialApp */,
			);
		};
/* End PBXProject section */

/* Begin PBXResourcesBuildPhase section */
		94FA51131AB8282700A81E96 /* Resources */ = {
			isa = PBXResourcesBuildPhase;
			buildActionMask = 2147483647;
			files = (
				94FA51241AB8282700A81E96 /* Main.storyboard in Resources */,
				94FA51291AB8282700A81E96 /* LaunchScreen.xib in Resources */,
				94FA51261AB8282700A81E96 /* Images.xcassets in Resources */,
			);
			runOnlyForDeploymentPostprocessing = 0;
		};
/* End PBXResourcesBuildPhase section */

/* Begin PBXShellScriptBuildPhase section */
		76162248115BEA37C719E597 /* Check Pods Manifest.lock */ = {
			isa = PBXShellScriptBuildPhase;
			buildActionMask = 2147483647;
			files = (
			);
			inputPaths = (
			);
			name = "Check Pods Manifest.lock";
			outputPaths = (
			);
			runOnlyForDeploymentPostprocessing = 0;
			shellPath = /bin/sh;
			shellScript = "diff \"${PODS_ROOT}/../Podfile.lock\" \"${PODS_ROOT}/Manifest.lock\" > /dev/null\nif [[ $? != 0 ]] ; then\n    cat << EOM\nerror: The sandbox is not in sync with the Podfile.lock. Run 'pod install' or update your CocoaPods installation.\nEOM\n    exit 1\nfi\n";
			showEnvVarsInLog = 0;
		};
		C747BADA0A4DFAF1682FA6AE /* Copy Pods Resources */ = {
			isa = PBXShellScriptBuildPhase;
			buildActionMask = 2147483647;
			files = (
			);
			inputPaths = (
			);
			name = "Copy Pods Resources";
			outputPaths = (
			);
			runOnlyForDeploymentPostprocessing = 0;
			shellPath = /bin/sh;
			shellScript = "\"${SRCROOT}/Pods/Target Support Files/Pods-EMSocialApp/Pods-EMSocialApp-resources.sh\"\n";
			showEnvVarsInLog = 0;
		};
/* End PBXShellScriptBuildPhase section */

/* Begin PBXSourcesBuildPhase section */
		94FA51111AB8282700A81E96 /* Sources */ = {
			isa = PBXSourcesBuildPhase;
			buildActionMask = 2147483647;
			files = (
				94A193751AC71A07003AF01E /* DemoUIActivityViewController.m in Sources */,
				94FA51211AB8282700A81E96 /* ViewController.m in Sources */,
				94FA511E1AB8282700A81E96 /* AppDelegate.m in Sources */,
				94FA511B1AB8282700A81E96 /* main.m in Sources */,
				94DF64B71AC4013E00254B58 /* EMSocialEMoneyConfigurator.m in Sources */,
			);
			runOnlyForDeploymentPostprocessing = 0;
		};
/* End PBXSourcesBuildPhase section */

/* Begin PBXVariantGroup section */
		94FA51221AB8282700A81E96 /* Main.storyboard */ = {
			isa = PBXVariantGroup;
			children = (
				94FA51231AB8282700A81E96 /* Base */,
			);
			name = Main.storyboard;
			sourceTree = "<group>";
		};
		94FA51271AB8282700A81E96 /* LaunchScreen.xib */ = {
			isa = PBXVariantGroup;
			children = (
				94FA51281AB8282700A81E96 /* Base */,
			);
			name = LaunchScreen.xib;
			sourceTree = "<group>";
		};
/* End PBXVariantGroup section */

/* Begin XCBuildConfiguration section */
		94FA51361AB8282700A81E96 /* Debug */ = {
			isa = XCBuildConfiguration;
			buildSettings = {
				ALWAYS_SEARCH_USER_PATHS = NO;
				CLANG_CXX_LANGUAGE_STANDARD = "gnu++0x";
				CLANG_CXX_LIBRARY = "libc++";
				CLANG_ENABLE_MODULES = YES;
				CLANG_ENABLE_OBJC_ARC = YES;
				CLANG_WARN_BOOL_CONVERSION = YES;
				CLANG_WARN_CONSTANT_CONVERSION = YES;
				CLANG_WARN_DIRECT_OBJC_ISA_USAGE = YES_ERROR;
				CLANG_WARN_EMPTY_BODY = YES;
				CLANG_WARN_ENUM_CONVERSION = YES;
				CLANG_WARN_INT_CONVERSION = YES;
				CLANG_WARN_OBJC_ROOT_CLASS = YES_ERROR;
				CLANG_WARN_UNREACHABLE_CODE = YES;
				CLANG_WARN__DUPLICATE_METHOD_MATCH = YES;
				"CODE_SIGN_IDENTITY[sdk=iphoneos*]" = "iPhone Developer";
				COPY_PHASE_STRIP = NO;
				ENABLE_STRICT_OBJC_MSGSEND = YES;
				GCC_C_LANGUAGE_STANDARD = gnu99;
				GCC_DYNAMIC_NO_PIC = NO;
				GCC_OPTIMIZATION_LEVEL = 0;
				GCC_PREPROCESSOR_DEFINITIONS = (
					"DEBUG=1",
					"$(inherited)",
				);
				GCC_SYMBOLS_PRIVATE_EXTERN = NO;
				GCC_WARN_64_TO_32_BIT_CONVERSION = YES;
				GCC_WARN_ABOUT_RETURN_TYPE = YES_ERROR;
				GCC_WARN_UNDECLARED_SELECTOR = YES;
				GCC_WARN_UNINITIALIZED_AUTOS = YES_AGGRESSIVE;
				GCC_WARN_UNUSED_FUNCTION = YES;
				GCC_WARN_UNUSED_VARIABLE = YES;
				IPHONEOS_DEPLOYMENT_TARGET = 8.2;
				MTL_ENABLE_DEBUG_INFO = YES;
				ONLY_ACTIVE_ARCH = YES;
				SDKROOT = iphoneos;
			};
			name = Debug;
		};
		94FA51371AB8282700A81E96 /* Release */ = {
			isa = XCBuildConfiguration;
			buildSettings = {
				ALWAYS_SEARCH_USER_PATHS = NO;
				CLANG_CXX_LANGUAGE_STANDARD = "gnu++0x";
				CLANG_CXX_LIBRARY = "libc++";
				CLANG_ENABLE_MODULES = YES;
				CLANG_ENABLE_OBJC_ARC = YES;
				CLANG_WARN_BOOL_CONVERSION = YES;
				CLANG_WARN_CONSTANT_CONVERSION = YES;
				CLANG_WARN_DIRECT_OBJC_ISA_USAGE = YES_ERROR;
				CLANG_WARN_EMPTY_BODY = YES;
				CLANG_WARN_ENUM_CONVERSION = YES;
				CLANG_WARN_INT_CONVERSION = YES;
				CLANG_WARN_OBJC_ROOT_CLASS = YES_ERROR;
				CLANG_WARN_UNREACHABLE_CODE = YES;
				CLANG_WARN__DUPLICATE_METHOD_MATCH = YES;
				"CODE_SIGN_IDENTITY[sdk=iphoneos*]" = "iPhone Developer";
				COPY_PHASE_STRIP = NO;
				ENABLE_NS_ASSERTIONS = NO;
				ENABLE_STRICT_OBJC_MSGSEND = YES;
				GCC_C_LANGUAGE_STANDARD = gnu99;
				GCC_WARN_64_TO_32_BIT_CONVERSION = YES;
				GCC_WARN_ABOUT_RETURN_TYPE = YES_ERROR;
				GCC_WARN_UNDECLARED_SELECTOR = YES;
				GCC_WARN_UNINITIALIZED_AUTOS = YES_AGGRESSIVE;
				GCC_WARN_UNUSED_FUNCTION = YES;
				GCC_WARN_UNUSED_VARIABLE = YES;
				IPHONEOS_DEPLOYMENT_TARGET = 8.2;
				MTL_ENABLE_DEBUG_INFO = NO;
				SDKROOT = iphoneos;
				VALIDATE_PRODUCT = YES;
			};
			name = Release;
		};
		94FA51391AB8282700A81E96 /* Debug */ = {
			isa = XCBuildConfiguration;
			baseConfigurationReference = 9C4022DA58853304C63C3F83 /* Pods-EMSocialApp.debug.xcconfig */;
			buildSettings = {
				ASSETCATALOG_COMPILER_APPICON_NAME = AppIcon;
				FRAMEWORK_SEARCH_PATHS = (
					"$(inherited)",
					"$(PROJECT_DIR)/EMSocial/Vendors/TencentOpenAPI",
				);
				HEADER_SEARCH_PATHS = (
					"$(inherited)",
					/Applications/Xcode.app/Contents/Developer/Toolchains/XcodeDefault.xctoolchain/usr/include,
					"$(BUILD_DIR)/$(CONFIGURATION)$(EFFECTIVE_PLATFORM_NAME)/include\" /Users/ryan/Documents/EMSocialApp-fix/EMSocialKit",
				);
				INFOPLIST_FILE = EMSocialApp/Info.plist;
				IPHONEOS_DEPLOYMENT_TARGET = 7.0;
				LD_RUNPATH_SEARCH_PATHS = "$(inherited) @executable_path/Frameworks";
				LIBRARY_SEARCH_PATHS = (
					"$(inherited)",
					"$(PROJECT_DIR)/EMSocialKit/Vendors/libWeiboSDK",
					"$(PROJECT_DIR)/EMSocialKit/Vendors/DXYWeChatSDK/SDKExport",
				);
				OTHER_LDFLAGS = (
					"$(inherited)",
					"-ObjC",
					"-l\"WeChatSDK\"",
					"-l\"WeiboSDK\"",
					"-l\"c++\"",
					"-l\"z\"",
					"-framework",
					"\"Foundation\"",
					"-framework",
					"\"ImageIO\"",
					"-framework",
					"\"SystemConfiguration\"",
					"-framework",
					"\"UIKit\"",
				);
				PRODUCT_NAME = "$(TARGET_NAME)";
			};
			name = Debug;
		};
		94FA513A1AB8282700A81E96 /* Release */ = {
			isa = XCBuildConfiguration;
			baseConfigurationReference = D1B65ECDEE7981AF27A2B957 /* Pods-EMSocialApp.release.xcconfig */;
			buildSettings = {
				ASSETCATALOG_COMPILER_APPICON_NAME = AppIcon;
				FRAMEWORK_SEARCH_PATHS = (
					"$(inherited)",
					"$(PROJECT_DIR)/EMSocial/Vendors/TencentOpenAPI",
				);
				HEADER_SEARCH_PATHS = (
					"$(inherited)",
					/Applications/Xcode.app/Contents/Developer/Toolchains/XcodeDefault.xctoolchain/usr/include,
					"$(BUILD_DIR)/$(CONFIGURATION)$(EFFECTIVE_PLATFORM_NAME)/include\" /Users/ryan/Documents/EMSocialApp-fix/EMSocialKit",
				);
				INFOPLIST_FILE = EMSocialApp/Info.plist;
				IPHONEOS_DEPLOYMENT_TARGET = 7.0;
				LD_RUNPATH_SEARCH_PATHS = "$(inherited) @executable_path/Frameworks";
				LIBRARY_SEARCH_PATHS = (
					"$(inherited)",
					"$(PROJECT_DIR)/EMSocialKit/Vendors/libWeiboSDK",
					"$(PROJECT_DIR)/EMSocialKit/Vendors/DXYWeChatSDK/SDKExport",
				);
				OTHER_LDFLAGS = (
					"$(inherited)",
					"-ObjC",
					"-l\"WeChatSDK\"",
					"-l\"WeiboSDK\"",
					"-l\"c++\"",
					"-l\"z\"",
					"-framework",
					"\"Foundation\"",
					"-framework",
					"\"ImageIO\"",
					"-framework",
					"\"SystemConfiguration\"",
					"-framework",
					"\"UIKit\"",
				);
				PRODUCT_NAME = "$(TARGET_NAME)";
			};
			name = Release;
		};
/* End XCBuildConfiguration section */

/* Begin XCConfigurationList section */
		94FA51101AB8282700A81E96 /* Build configuration list for PBXProject "EMSocialApp" */ = {
			isa = XCConfigurationList;
			buildConfigurations = (
				94FA51361AB8282700A81E96 /* Debug */,
				94FA51371AB8282700A81E96 /* Release */,
			);
			defaultConfigurationIsVisible = 0;
			defaultConfigurationName = Release;
		};
		94FA51381AB8282700A81E96 /* Build configuration list for PBXNativeTarget "EMSocialApp" */ = {
			isa = XCConfigurationList;
			buildConfigurations = (
				94FA51391AB8282700A81E96 /* Debug */,
				94FA513A1AB8282700A81E96 /* Release */,
			);
			defaultConfigurationIsVisible = 0;
			defaultConfigurationName = Release;
		};
/* End XCConfigurationList section */
	};
	rootObject = 94FA510D1AB8282700A81E96 /* Project object */;
}
